
Microsoft Visual Studio Solution File, Format Version 12.00
# Visual Studio 15
VisualStudioVersion = 15.0.27703.2042
MinimumVisualStudioVersion = 10.0.40219.1
Project("{FAE04EC0-301F-11D3-BF4B-00C04F79EFBC}") = "AutoBark", "AutoBark\AutoBark.csproj", "{AB733FD4-191C-458C-82D4-8A9B3634B3D0}"
EndProject
Global
	GlobalSection(SolutionConfigurationPlatforms) = preSolution
		Debug|Any CPU = Debug|Any CPU
		Release|Any CPU = Release|Any CPU
	EndGlobalSection
	GlobalSection(ProjectConfigurationPlatforms) = postSolution
		{AB733FD4-191C-458C-82D4-8A9B3634B3D0}.Debug|Any CPU.ActiveCfg = Debug|Any CPU
		{AB733FD4-191C-458C-82D4-8A9B3634B3D0}.Debug|Any CPU.Build.0 = Debug|Any CPU
		{AB733FD4-191C-458C-82D4-8A9B3634B3D0}.Release|Any CPU.ActiveCfg = Release|Any CPU
		{AB733FD4-191C-458C-82D4-8A9B3634B3D0}.Release|Any CPU.Build.0 = Release|Any CPU
	EndGlobalSection
	GlobalSection(SolutionProperties) = preSolution
		HideSolutionNode = FALSE
	EndGlobalSection
	GlobalSection(ExtensibilityGlobals) = postSolution
		SolutionGuid = {ADA95092-BD53-4296-8748-CF68AA90E63A}
	EndGlobalSection
EndGlobal
